// !$*UTF8*$!
{
	archiveVersion = 1;
	classes = {
	};
	objectVersion = 50;
	objects = {

/* Begin PBXBuildFile section */
		67645B75233181AC00223E55 /* GoogleService-Info.plist in Resources */ = {isa = PBXBuildFile; fileRef = 67645B74233181AC00223E55 /* GoogleService-Info.plist */; };
		67A16E34231A06EE0002EB56 /* AppDelegate.swift in Sources */ = {isa = PBXBuildFile; fileRef = 67A16E33231A06EE0002EB56 /* AppDelegate.swift */; };
		67A16E36231A06EE0002EB56 /* ViewController.swift in Sources */ = {isa = PBXBuildFile; fileRef = 67A16E35231A06EE0002EB56 /* ViewController.swift */; };
		67A16E3B231A06EF0002EB56 /* Assets.xcassets in Resources */ = {isa = PBXBuildFile; fileRef = 67A16E3A231A06EF0002EB56 /* Assets.xcassets */; };
		67A16E54231A08600002EB56 /* BottomDrawerViewControllers.swift in Sources */ = {isa = PBXBuildFile; fileRef = 67A16E45231A085F0002EB56 /* BottomDrawerViewControllers.swift */; };
		67A16E55231A08600002EB56 /* NaturalLanguageService.swift in Sources */ = {isa = PBXBuildFile; fileRef = 67A16E46231A085F0002EB56 /* NaturalLanguageService.swift */; };
		67A16E56231A08600002EB56 /* Assets.xcassets in Resources */ = {isa = PBXBuildFile; fileRef = 67A16E47231A085F0002EB56 /* Assets.xcassets */; };
		67A16E57231A08600002EB56 /* ApplicationConstants.swift in Sources */ = {isa = PBXBuildFile; fileRef = 67A16E48231A08600002EB56 /* ApplicationConstants.swift */; };
		67A16E58231A08600002EB56 /* ApplicationScheme.swift in Sources */ = {isa = PBXBuildFile; fileRef = 67A16E49231A08600002EB56 /* ApplicationScheme.swift */; };
		67A16E59231A08600002EB56 /* Rubik-Medium.ttf in Resources */ = {isa = PBXBuildFile; fileRef = 67A16E4B231A08600002EB56 /* Rubik-Medium.ttf */; };
		67A16E5A231A08600002EB56 /* Rubik-Regular.ttf in Resources */ = {isa = PBXBuildFile; fileRef = 67A16E4C231A08600002EB56 /* Rubik-Regular.ttf */; };
		67A16E5B231A08600002EB56 /* Rubik-OFL.txt in Resources */ = {isa = PBXBuildFile; fileRef = 67A16E4D231A08600002EB56 /* Rubik-OFL.txt */; };
		67A16E69231A0A350002EB56 /* LaunchScreen.storyboard in Resources */ = {isa = PBXBuildFile; fileRef = 67A16E65231A0A350002EB56 /* LaunchScreen.storyboard */; };
		67A16E6A231A0A350002EB56 /* Main.storyboard in Resources */ = {isa = PBXBuildFile; fileRef = 67A16E67231A0A350002EB56 /* Main.storyboard */; };
		67E142F3232B061500E1C74B /* EntityTableViewCell.swift in Sources */ = {isa = PBXBuildFile; fileRef = 67E142F2232B061500E1C74B /* EntityTableViewCell.swift */; };
		69A8973D8912B26A56B58D5A /* Pods_NaturalLanguage.framework in Frameworks */ = {isa = PBXBuildFile; fileRef = E15F609A9BCEEE36E42B8203 /* Pods_NaturalLanguage.framework */; };
/* End PBXBuildFile section */

/* Begin PBXFileReference section */
		24304093322B735F976274B8 /* Pods-NaturalLanguage.release.xcconfig */ = {isa = PBXFileReference; includeInIndex = 1; lastKnownFileType = text.xcconfig; name = "Pods-NaturalLanguage.release.xcconfig"; path = "Pods/Target Support Files/Pods-NaturalLanguage/Pods-NaturalLanguage.release.xcconfig"; sourceTree = "<group>"; };
		67645B74233181AC00223E55 /* GoogleService-Info.plist */ = {isa = PBXFileReference; fileEncoding = 4; lastKnownFileType = text.plist.xml; path = "GoogleService-Info.plist"; sourceTree = "<group>"; };
		67645B782331884800223E55 /* NaturalLanguage.entitlements */ = {isa = PBXFileReference; lastKnownFileType = text.plist.entitlements; path = NaturalLanguage.entitlements; sourceTree = "<group>"; };
		67A16E30231A06EE0002EB56 /* NaturalLanguage.app */ = {isa = PBXFileReference; explicitFileType = wrapper.application; includeInIndex = 0; path = NaturalLanguage.app; sourceTree = BUILT_PRODUCTS_DIR; };
		67A16E33231A06EE0002EB56 /* AppDelegate.swift */ = {isa = PBXFileReference; lastKnownFileType = sourcecode.swift; path = AppDelegate.swift; sourceTree = "<group>"; };
		67A16E35231A06EE0002EB56 /* ViewController.swift */ = {isa = PBXFileReference; lastKnownFileType = sourcecode.swift; path = ViewController.swift; sourceTree = "<group>"; };
		67A16E3A231A06EF0002EB56 /* Assets.xcassets */ = {isa = PBXFileReference; lastKnownFileType = folder.assetcatalog; path = Assets.xcassets; sourceTree = "<group>"; };
		67A16E3F231A06EF0002EB56 /* Info.plist */ = {isa = PBXFileReference; lastKnownFileType = text.plist.xml; path = Info.plist; sourceTree = "<group>"; };
		67A16E45231A085F0002EB56 /* BottomDrawerViewControllers.swift */ = {isa = PBXFileReference; fileEncoding = 4; lastKnownFileType = sourcecode.swift; path = BottomDrawerViewControllers.swift; sourceTree = "<group>"; };
		67A16E46231A085F0002EB56 /* NaturalLanguageService.swift */ = {isa = PBXFileReference; fileEncoding = 4; lastKnownFileType = sourcecode.swift; path = NaturalLanguageService.swift; sourceTree = "<group>"; };
		67A16E47231A085F0002EB56 /* Assets.xcassets */ = {isa = PBXFileReference; lastKnownFileType = folder.assetcatalog; path = Assets.xcassets; sourceTree = "<group>"; };
		67A16E48231A08600002EB56 /* ApplicationConstants.swift */ = {isa = PBXFileReference; fileEncoding = 4; lastKnownFileType = sourcecode.swift; path = ApplicationConstants.swift; sourceTree = "<group>"; };
		67A16E49231A08600002EB56 /* ApplicationScheme.swift */ = {isa = PBXFileReference; fileEncoding = 4; lastKnownFileType = sourcecode.swift; path = ApplicationScheme.swift; sourceTree = "<group>"; };
		67A16E4B231A08600002EB56 /* Rubik-Medium.ttf */ = {isa = PBXFileReference; lastKnownFileType = file; path = "Rubik-Medium.ttf"; sourceTree = "<group>"; };
		67A16E4C231A08600002EB56 /* Rubik-Regular.ttf */ = {isa = PBXFileReference; lastKnownFileType = file; path = "Rubik-Regular.ttf"; sourceTree = "<group>"; };
		67A16E4D231A08600002EB56 /* Rubik-OFL.txt */ = {isa = PBXFileReference; fileEncoding = 4; lastKnownFileType = text; path = "Rubik-OFL.txt"; sourceTree = "<group>"; };
		67A16E53231A08600002EB56 /* Stopwatch-Bridging-Header.h */ = {isa = PBXFileReference; fileEncoding = 4; lastKnownFileType = sourcecode.c.h; path = "Stopwatch-Bridging-Header.h"; sourceTree = "<group>"; };
		67A16E66231A0A350002EB56 /* Base */ = {isa = PBXFileReference; lastKnownFileType = file.storyboard; name = Base; path = Base.lproj/LaunchScreen.storyboard; sourceTree = "<group>"; };
		67A16E68231A0A350002EB56 /* Base */ = {isa = PBXFileReference; lastKnownFileType = file.storyboard; name = Base; path = Base.lproj/Main.storyboard; sourceTree = "<group>"; };
		67E142F2232B061500E1C74B /* EntityTableViewCell.swift */ = {isa = PBXFileReference; lastKnownFileType = sourcecode.swift; path = EntityTableViewCell.swift; sourceTree = "<group>"; };
		E15F609A9BCEEE36E42B8203 /* Pods_NaturalLanguage.framework */ = {isa = PBXFileReference; explicitFileType = wrapper.framework; includeInIndex = 0; path = Pods_NaturalLanguage.framework; sourceTree = BUILT_PRODUCTS_DIR; };
		FA0A477F900DDB69FC82B5B8 /* Pods-NaturalLanguage.debug.xcconfig */ = {isa = PBXFileReference; includeInIndex = 1; lastKnownFileType = text.xcconfig; name = "Pods-NaturalLanguage.debug.xcconfig"; path = "Pods/Target Support Files/Pods-NaturalLanguage/Pods-NaturalLanguage.debug.xcconfig"; sourceTree = "<group>"; };
/* End PBXFileReference section */

/* Begin PBXFrameworksBuildPhase section */
		67A16E2D231A06EE0002EB56 /* Frameworks */ = {
			isa = PBXFrameworksBuildPhase;
			buildActionMask = 2147483647;
			files = (
				69A8973D8912B26A56B58D5A /* Pods_NaturalLanguage.framework in Frameworks */,
			);
			runOnlyForDeploymentPostprocessing = 0;
		};
/* End PBXFrameworksBuildPhase section */

/* Begin PBXGroup section */
		01EB9030ABD537170E630643 /* Pods */ = {
			isa = PBXGroup;
			children = (
				FA0A477F900DDB69FC82B5B8 /* Pods-NaturalLanguage.debug.xcconfig */,
				24304093322B735F976274B8 /* Pods-NaturalLanguage.release.xcconfig */,
			);
			name = Pods;
			sourceTree = "<group>";
		};
		67A16E27231A06EE0002EB56 = {
			isa = PBXGroup;
			children = (
				67A16E32231A06EE0002EB56 /* NaturalLanguage */,
				67A16E31231A06EE0002EB56 /* Products */,
				01EB9030ABD537170E630643 /* Pods */,
				6E794A3040902A74034B7546 /* Frameworks */,
			);
			sourceTree = "<group>";
		};
		67A16E31231A06EE0002EB56 /* Products */ = {
			isa = PBXGroup;
			children = (
				67A16E30231A06EE0002EB56 /* NaturalLanguage.app */,
			);
			name = Products;
			sourceTree = "<group>";
		};
		67A16E32231A06EE0002EB56 /* NaturalLanguage */ = {
			isa = PBXGroup;
			children = (
				67645B782331884800223E55 /* NaturalLanguage.entitlements */,
				67645B74233181AC00223E55 /* GoogleService-Info.plist */,
				67A16E65231A0A350002EB56 /* LaunchScreen.storyboard */,
				67A16E67231A0A350002EB56 /* Main.storyboard */,
				67A16E48231A08600002EB56 /* ApplicationConstants.swift */,
				67A16E49231A08600002EB56 /* ApplicationScheme.swift */,
				67A16E47231A085F0002EB56 /* Assets.xcassets */,
				67A16E45231A085F0002EB56 /* BottomDrawerViewControllers.swift */,
				67A16E4A231A08600002EB56 /* Fonts */,
				67A16E53231A08600002EB56 /* Stopwatch-Bridging-Header.h */,
				67A16E46231A085F0002EB56 /* NaturalLanguageService.swift */,
				67A16E33231A06EE0002EB56 /* AppDelegate.swift */,
				67A16E35231A06EE0002EB56 /* ViewController.swift */,
				67A16E3A231A06EF0002EB56 /* Assets.xcassets */,
				67A16E3F231A06EF0002EB56 /* Info.plist */,
				67E142F2232B061500E1C74B /* EntityTableViewCell.swift */,
			);
			path = NaturalLanguage;
			sourceTree = "<group>";
		};
		67A16E4A231A08600002EB56 /* Fonts */ = {
			isa = PBXGroup;
			children = (
				67A16E4B231A08600002EB56 /* Rubik-Medium.ttf */,
				67A16E4C231A08600002EB56 /* Rubik-Regular.ttf */,
				67A16E4D231A08600002EB56 /* Rubik-OFL.txt */,
			);
			path = Fonts;
			sourceTree = "<group>";
		};
		6E794A3040902A74034B7546 /* Frameworks */ = {
			isa = PBXGroup;
			children = (
				E15F609A9BCEEE36E42B8203 /* Pods_NaturalLanguage.framework */,
			);
			name = Frameworks;
			sourceTree = "<group>";
		};
/* End PBXGroup section */

/* Begin PBXNativeTarget section */
		67A16E2F231A06EE0002EB56 /* NaturalLanguage */ = {
			isa = PBXNativeTarget;
			buildConfigurationList = 67A16E42231A06EF0002EB56 /* Build configuration list for PBXNativeTarget "NaturalLanguage" */;
			buildPhases = (
				413F0CE6F33179B6B6EDA413 /* [CP] Check Pods Manifest.lock */,
				67A16E2C231A06EE0002EB56 /* Sources */,
				67A16E2D231A06EE0002EB56 /* Frameworks */,
				67A16E2E231A06EE0002EB56 /* Resources */,
				28E08DB8708D964EFF37B848 /* [CP] Embed Pods Frameworks */,
			);
			buildRules = (
			);
			dependencies = (
			);
			name = NaturalLanguage;
			productName = NaturalLanguage;
			productReference = 67A16E30231A06EE0002EB56 /* NaturalLanguage.app */;
			productType = "com.apple.product-type.application";
		};
/* End PBXNativeTarget section */

/* Begin PBXProject section */
		67A16E28231A06EE0002EB56 /* Project object */ = {
			isa = PBXProject;
			attributes = {
				LastSwiftUpdateCheck = 1020;
				LastUpgradeCheck = 1020;
				ORGANIZATIONNAME = Google;
				TargetAttributes = {
					67A16E2F231A06EE0002EB56 = {
						CreatedOnToolsVersion = 10.2;
						SystemCapabilities = {
							com.apple.Push = {
								enabled = 1;
							};
						};
					};
				};
			};
			buildConfigurationList = 67A16E2B231A06EE0002EB56 /* Build configuration list for PBXProject "NaturalLanguage" */;
			compatibilityVersion = "Xcode 9.3";
			developmentRegion = en;
			hasScannedForEncodings = 0;
			knownRegions = (
				en,
				Base,
			);
			mainGroup = 67A16E27231A06EE0002EB56;
			productRefGroup = 67A16E31231A06EE0002EB56 /* Products */;
			projectDirPath = "";
			projectRoot = "";
			targets = (
				67A16E2F231A06EE0002EB56 /* NaturalLanguage */,
			);
		};
/* End PBXProject section */

/* Begin PBXResourcesBuildPhase section */
		67A16E2E231A06EE0002EB56 /* Resources */ = {
			isa = PBXResourcesBuildPhase;
			buildActionMask = 2147483647;
			files = (
				67A16E6A231A0A350002EB56 /* Main.storyboard in Resources */,
				67645B75233181AC00223E55 /* GoogleService-Info.plist in Resources */,
				67A16E5A231A08600002EB56 /* Rubik-Regular.ttf in Resources */,
				67A16E3B231A06EF0002EB56 /* Assets.xcassets in Resources */,
				67A16E56231A08600002EB56 /* Assets.xcassets in Resources */,
				67A16E69231A0A350002EB56 /* LaunchScreen.storyboard in Resources */,
				67A16E5B231A08600002EB56 /* Rubik-OFL.txt in Resources */,
				67A16E59231A08600002EB56 /* Rubik-Medium.ttf in Resources */,
			);
			runOnlyForDeploymentPostprocessing = 0;
		};
/* End PBXResourcesBuildPhase section */

/* Begin PBXShellScriptBuildPhase section */
		28E08DB8708D964EFF37B848 /* [CP] Embed Pods Frameworks */ = {
			isa = PBXShellScriptBuildPhase;
			buildActionMask = 2147483647;
			files = (
			);
			inputFileListPaths = (
			);
			inputPaths = (
				"${SRCROOT}/Pods/Target Support Files/Pods-NaturalLanguage/Pods-NaturalLanguage-frameworks.sh",
				"${BUILT_PRODUCTS_DIR}/BigInt/BigInt.framework",
				"${BUILT_PRODUCTS_DIR}/BoringSSL-GRPC/openssl_grpc.framework",
				"${BUILT_PRODUCTS_DIR}/CNIOAtomics/CNIOAtomics.framework",
				"${BUILT_PRODUCTS_DIR}/CNIODarwin/CNIODarwin.framework",
				"${BUILT_PRODUCTS_DIR}/CNIOLinux/CNIOLinux.framework",
				"${BUILT_PRODUCTS_DIR}/CNIOSHA1/CNIOSHA1.framework",
				"${BUILT_PRODUCTS_DIR}/CryptoSwift/CryptoSwift.framework",
				"${BUILT_PRODUCTS_DIR}/GTMSessionFetcher/GTMSessionFetcher.framework",
				"${BUILT_PRODUCTS_DIR}/GoogleUtilities/GoogleUtilities.framework",
				"${BUILT_PRODUCTS_DIR}/MDFInternationalization/MDFInternationalization.framework",
				"${BUILT_PRODUCTS_DIR}/MDFTextAccessibility/MDFTextAccessibility.framework",
				"${BUILT_PRODUCTS_DIR}/MaterialComponents/MaterialComponents.framework",
				"${BUILT_PRODUCTS_DIR}/MotionAnimator/MotionAnimator.framework",
				"${BUILT_PRODUCTS_DIR}/MotionInterchange/MotionInterchange.framework",
				"${BUILT_PRODUCTS_DIR}/MotionTransitioning/MotionTransitioning.framework",
				"${BUILT_PRODUCTS_DIR}/Protobuf/Protobuf.framework",
				"${BUILT_PRODUCTS_DIR}/SipHash/SipHash.framework",
				"${BUILT_PRODUCTS_DIR}/SwiftNIO/NIO.framework",
				"${BUILT_PRODUCTS_DIR}/SwiftNIOConcurrencyHelpers/NIOConcurrencyHelpers.framework",
				"${BUILT_PRODUCTS_DIR}/SwiftyBase64/SwiftyBase64.framework",
				"${BUILT_PRODUCTS_DIR}/gRPC/GRPCClient.framework",
				"${BUILT_PRODUCTS_DIR}/gRPC-C++/grpcpp.framework",
				"${BUILT_PRODUCTS_DIR}/gRPC-Core/grpc.framework",
				"${BUILT_PRODUCTS_DIR}/gRPC-ProtoRPC/ProtoRPC.framework",
				"${BUILT_PRODUCTS_DIR}/gRPC-RxLibrary/RxLibrary.framework",
				"${BUILT_PRODUCTS_DIR}/googleapis/googleapis.framework",
				"${BUILT_PRODUCTS_DIR}/leveldb-library/leveldb.framework",
				"${BUILT_PRODUCTS_DIR}/nanopb/nanopb.framework",
			);
			name = "[CP] Embed Pods Frameworks";
			outputFileListPaths = (
			);
			outputPaths = (
				"${TARGET_BUILD_DIR}/${FRAMEWORKS_FOLDER_PATH}/BigInt.framework",
				"${TARGET_BUILD_DIR}/${FRAMEWORKS_FOLDER_PATH}/openssl_grpc.framework",
				"${TARGET_BUILD_DIR}/${FRAMEWORKS_FOLDER_PATH}/CNIOAtomics.framework",
				"${TARGET_BUILD_DIR}/${FRAMEWORKS_FOLDER_PATH}/CNIODarwin.framework",
				"${TARGET_BUILD_DIR}/${FRAMEWORKS_FOLDER_PATH}/CNIOLinux.framework",
				"${TARGET_BUILD_DIR}/${FRAMEWORKS_FOLDER_PATH}/CNIOSHA1.framework",
				"${TARGET_BUILD_DIR}/${FRAMEWORKS_FOLDER_PATH}/CryptoSwift.framework",
				"${TARGET_BUILD_DIR}/${FRAMEWORKS_FOLDER_PATH}/GTMSessionFetcher.framework",
				"${TARGET_BUILD_DIR}/${FRAMEWORKS_FOLDER_PATH}/GoogleUtilities.framework",
				"${TARGET_BUILD_DIR}/${FRAMEWORKS_FOLDER_PATH}/MDFInternationalization.framework",
				"${TARGET_BUILD_DIR}/${FRAMEWORKS_FOLDER_PATH}/MDFTextAccessibility.framework",
				"${TARGET_BUILD_DIR}/${FRAMEWORKS_FOLDER_PATH}/MaterialComponents.framework",
				"${TARGET_BUILD_DIR}/${FRAMEWORKS_FOLDER_PATH}/MotionAnimator.framework",
				"${TARGET_BUILD_DIR}/${FRAMEWORKS_FOLDER_PATH}/MotionInterchange.framework",
				"${TARGET_BUILD_DIR}/${FRAMEWORKS_FOLDER_PATH}/MotionTransitioning.framework",
				"${TARGET_BUILD_DIR}/${FRAMEWORKS_FOLDER_PATH}/Protobuf.framework",
				"${TARGET_BUILD_DIR}/${FRAMEWORKS_FOLDER_PATH}/SipHash.framework",
				"${TARGET_BUILD_DIR}/${FRAMEWORKS_FOLDER_PATH}/NIO.framework",
				"${TARGET_BUILD_DIR}/${FRAMEWORKS_FOLDER_PATH}/NIOConcurrencyHelpers.framework",
				"${TARGET_BUILD_DIR}/${FRAMEWORKS_FOLDER_PATH}/SwiftyBase64.framework",
				"${TARGET_BUILD_DIR}/${FRAMEWORKS_FOLDER_PATH}/GRPCClient.framework",
				"${TARGET_BUILD_DIR}/${FRAMEWORKS_FOLDER_PATH}/grpcpp.framework",
				"${TARGET_BUILD_DIR}/${FRAMEWORKS_FOLDER_PATH}/grpc.framework",
				"${TARGET_BUILD_DIR}/${FRAMEWORKS_FOLDER_PATH}/ProtoRPC.framework",
				"${TARGET_BUILD_DIR}/${FRAMEWORKS_FOLDER_PATH}/RxLibrary.framework",
				"${TARGET_BUILD_DIR}/${FRAMEWORKS_FOLDER_PATH}/googleapis.framework",
				"${TARGET_BUILD_DIR}/${FRAMEWORKS_FOLDER_PATH}/leveldb.framework",
				"${TARGET_BUILD_DIR}/${FRAMEWORKS_FOLDER_PATH}/nanopb.framework",
			);
			runOnlyForDeploymentPostprocessing = 0;
			shellPath = /bin/sh;
			shellScript = "\"${SRCROOT}/Pods/Target Support Files/Pods-NaturalLanguage/Pods-NaturalLanguage-frameworks.sh\"\n";
			showEnvVarsInLog = 0;
		};
		413F0CE6F33179B6B6EDA413 /* [CP] Check Pods Manifest.lock */ = {
			isa = PBXShellScriptBuildPhase;
			buildActionMask = 2147483647;
			files = (
			);
			inputFileListPaths = (
			);
			inputPaths = (
				"${PODS_PODFILE_DIR_PATH}/Podfile.lock",
				"${PODS_ROOT}/Manifest.lock",
			);
			name = "[CP] Check Pods Manifest.lock";
			outputFileListPaths = (
			);
			outputPaths = (
				"$(DERIVED_FILE_DIR)/Pods-NaturalLanguage-checkManifestLockResult.txt",
			);
			runOnlyForDeploymentPostprocessing = 0;
			shellPath = /bin/sh;
			shellScript = "diff \"${PODS_PODFILE_DIR_PATH}/Podfile.lock\" \"${PODS_ROOT}/Manifest.lock\" > /dev/null\nif [ $? != 0 ] ; then\n    # print error to STDERR\n    echo \"error: The sandbox is not in sync with the Podfile.lock. Run 'pod install' or update your CocoaPods installation.\" >&2\n    exit 1\nfi\n# This output is used by Xcode 'outputs' to avoid re-running this script phase.\necho \"SUCCESS\" > \"${SCRIPT_OUTPUT_FILE_0}\"\n";
			showEnvVarsInLog = 0;
		};
/* End PBXShellScriptBuildPhase section */

/* Begin PBXSourcesBuildPhase section */
		67A16E2C231A06EE0002EB56 /* Sources */ = {
			isa = PBXSourcesBuildPhase;
			buildActionMask = 2147483647;
			files = (
				67A16E57231A08600002EB56 /* ApplicationConstants.swift in Sources */,
				67A16E58231A08600002EB56 /* ApplicationScheme.swift in Sources */,
				67E142F3232B061500E1C74B /* EntityTableViewCell.swift in Sources */,
				67A16E54231A08600002EB56 /* BottomDrawerViewControllers.swift in Sources */,
				67A16E55231A08600002EB56 /* NaturalLanguageService.swift in Sources */,
				67A16E36231A06EE0002EB56 /* ViewController.swift in Sources */,
				67A16E34231A06EE0002EB56 /* AppDelegate.swift in Sources */,
			);
			runOnlyForDeploymentPostprocessing = 0;
		};
/* End PBXSourcesBuildPhase section */

/* Begin PBXVariantGroup section */
		67A16E65231A0A350002EB56 /* LaunchScreen.storyboard */ = {
			isa = PBXVariantGroup;
			children = (
				67A16E66231A0A350002EB56 /* Base */,
			);
			name = LaunchScreen.storyboard;
			sourceTree = "<group>";
		};
		67A16E67231A0A350002EB56 /* Main.storyboard */ = {
			isa = PBXVariantGroup;
			children = (
				67A16E68231A0A350002EB56 /* Base */,
			);
			name = Main.storyboard;
			sourceTree = "<group>";
		};
/* End PBXVariantGroup section */

/* Begin XCBuildConfiguration section */
		67A16E40231A06EF0002EB56 /* Debug */ = {
			isa = XCBuildConfiguration;
			buildSettings = {
				ALWAYS_SEARCH_USER_PATHS = NO;
				CLANG_ANALYZER_NONNULL = YES;
				CLANG_ANALYZER_NUMBER_OBJECT_CONVERSION = YES_AGGRESSIVE;
				CLANG_CXX_LANGUAGE_STANDARD = "gnu++14";
				CLANG_CXX_LIBRARY = "libc++";
				CLANG_ENABLE_MODULES = YES;
				CLANG_ENABLE_OBJC_ARC = YES;
				CLANG_ENABLE_OBJC_WEAK = YES;
				CLANG_WARN_BLOCK_CAPTURE_AUTORELEASING = YES;
				CLANG_WARN_BOOL_CONVERSION = YES;
				CLANG_WARN_COMMA = YES;
				CLANG_WARN_CONSTANT_CONVERSION = YES;
				CLANG_WARN_DEPRECATED_OBJC_IMPLEMENTATIONS = YES;
				CLANG_WARN_DIRECT_OBJC_ISA_USAGE = YES_ERROR;
				CLANG_WARN_DOCUMENTATION_COMMENTS = YES;
				CLANG_WARN_EMPTY_BODY = YES;
				CLANG_WARN_ENUM_CONVERSION = YES;
				CLANG_WARN_INFINITE_RECURSION = YES;
				CLANG_WARN_INT_CONVERSION = YES;
				CLANG_WARN_NON_LITERAL_NULL_CONVERSION = YES;
				CLANG_WARN_OBJC_IMPLICIT_RETAIN_SELF = YES;
				CLANG_WARN_OBJC_LITERAL_CONVERSION = YES;
				CLANG_WARN_OBJC_ROOT_CLASS = YES_ERROR;
				CLANG_WARN_RANGE_LOOP_ANALYSIS = YES;
				CLANG_WARN_STRICT_PROTOTYPES = YES;
				CLANG_WARN_SUSPICIOUS_MOVE = YES;
				CLANG_WARN_UNGUARDED_AVAILABILITY = YES_AGGRESSIVE;
				CLANG_WARN_UNREACHABLE_CODE = YES;
				CLANG_WARN__DUPLICATE_METHOD_MATCH = YES;
				CODE_SIGN_IDENTITY = "iPhone Developer";
				COPY_PHASE_STRIP = NO;
				DEBUG_INFORMATION_FORMAT = dwarf;
				ENABLE_STRICT_OBJC_MSGSEND = YES;
				ENABLE_TESTABILITY = YES;
				GCC_C_LANGUAGE_STANDARD = gnu11;
				GCC_DYNAMIC_NO_PIC = NO;
				GCC_NO_COMMON_BLOCKS = YES;
				GCC_OPTIMIZATION_LEVEL = 0;
				GCC_PREPROCESSOR_DEFINITIONS = (
					"DEBUG=1",
					"$(inherited)",
				);
				GCC_WARN_64_TO_32_BIT_CONVERSION = YES;
				GCC_WARN_ABOUT_RETURN_TYPE = YES_ERROR;
				GCC_WARN_UNDECLARED_SELECTOR = YES;
				GCC_WARN_UNINITIALIZED_AUTOS = YES_AGGRESSIVE;
				GCC_WARN_UNUSED_FUNCTION = YES;
				GCC_WARN_UNUSED_VARIABLE = YES;
				IPHONEOS_DEPLOYMENT_TARGET = 12.2;
				MTL_ENABLE_DEBUG_INFO = INCLUDE_SOURCE;
				MTL_FAST_MATH = YES;
				ONLY_ACTIVE_ARCH = YES;
				SDKROOT = iphoneos;
				SWIFT_ACTIVE_COMPILATION_CONDITIONS = DEBUG;
				SWIFT_OPTIMIZATION_LEVEL = "-Onone";
			};
			name = Debug;
		};
		67A16E41231A06EF0002EB56 /* Release */ = {
			isa = XCBuildConfiguration;
			buildSettings = {
				ALWAYS_SEARCH_USER_PATHS = NO;
				CLANG_ANALYZER_NONNULL = YES;
				CLANG_ANALYZER_NUMBER_OBJECT_CONVERSION = YES_AGGRESSIVE;
				CLANG_CXX_LANGUAGE_STANDARD = "gnu++14";
				CLANG_CXX_LIBRARY = "libc++";
				CLANG_ENABLE_MODULES = YES;
				CLANG_ENABLE_OBJC_ARC = YES;
				CLANG_ENABLE_OBJC_WEAK = YES;
				CLANG_WARN_BLOCK_CAPTURE_AUTORELEASING = YES;
				CLANG_WARN_BOOL_CONVERSION = YES;
				CLANG_WARN_COMMA = YES;
				CLANG_WARN_CONSTANT_CONVERSION = YES;
				CLANG_WARN_DEPRECATED_OBJC_IMPLEMENTATIONS = YES;
				CLANG_WARN_DIRECT_OBJC_ISA_USAGE = YES_ERROR;
				CLANG_WARN_DOCUMENTATION_COMMENTS = YES;
				CLANG_WARN_EMPTY_BODY = YES;
				CLANG_WARN_ENUM_CONVERSION = YES;
				CLANG_WARN_INFINITE_RECURSION = YES;
				CLANG_WARN_INT_CONVERSION = YES;
				CLANG_WARN_NON_LITERAL_NULL_CONVERSION = YES;
				CLANG_WARN_OBJC_IMPLICIT_RETAIN_SELF = YES;
				CLANG_WARN_OBJC_LITERAL_CONVERSION = YES;
				CLANG_WARN_OBJC_ROOT_CLASS = YES_ERROR;
				CLANG_WARN_RANGE_LOOP_ANALYSIS = YES;
				CLANG_WARN_STRICT_PROTOTYPES = YES;
				CLANG_WARN_SUSPICIOUS_MOVE = YES;
				CLANG_WARN_UNGUARDED_AVAILABILITY = YES_AGGRESSIVE;
				CLANG_WARN_UNREACHABLE_CODE = YES;
				CLANG_WARN__DUPLICATE_METHOD_MATCH = YES;
				CODE_SIGN_IDENTITY = "iPhone Developer";
				COPY_PHASE_STRIP = NO;
				DEBUG_INFORMATION_FORMAT = "dwarf-with-dsym";
				ENABLE_NS_ASSERTIONS = NO;
				ENABLE_STRICT_OBJC_MSGSEND = YES;
				GCC_C_LANGUAGE_STANDARD = gnu11;
				GCC_NO_COMMON_BLOCKS = YES;
				GCC_WARN_64_TO_32_BIT_CONVERSION = YES;
				GCC_WARN_ABOUT_RETURN_TYPE = YES_ERROR;
				GCC_WARN_UNDECLARED_SELECTOR = YES;
				GCC_WARN_UNINITIALIZED_AUTOS = YES_AGGRESSIVE;
				GCC_WARN_UNUSED_FUNCTION = YES;
				GCC_WARN_UNUSED_VARIABLE = YES;
				IPHONEOS_DEPLOYMENT_TARGET = 12.2;
				MTL_ENABLE_DEBUG_INFO = NO;
				MTL_FAST_MATH = YES;
				SDKROOT = iphoneos;
				SWIFT_COMPILATION_MODE = wholemodule;
				SWIFT_OPTIMIZATION_LEVEL = "-O";
				VALIDATE_PRODUCT = YES;
			};
			name = Release;
		};
		67A16E43231A06EF0002EB56 /* Debug */ = {
			isa = XCBuildConfiguration;
			baseConfigurationReference = FA0A477F900DDB69FC82B5B8 /* Pods-NaturalLanguage.debug.xcconfig */;
			buildSettings = {
				ASSETCATALOG_COMPILER_APPICON_NAME = AppIcon;
				CODE_SIGN_ENTITLEMENTS = NaturalLanguage/NaturalLanguage.entitlements;
				CODE_SIGN_STYLE = Manual;
				DEVELOPMENT_TEAM = EQHXZ8M8AV;
				INFOPLIST_FILE = NaturalLanguage/Info.plist;
				LD_RUNPATH_SEARCH_PATHS = (
					"$(inherited)",
					"@executable_path/Frameworks",
				);
				PRODUCT_BUNDLE_IDENTIFIER = com.google.CloudDevRelSamples.dev;
				PRODUCT_NAME = "$(TARGET_NAME)";
				PROVISIONING_PROFILE_SPECIFIER = "CloudDevRelSamples Dev";
				SWIFT_VERSION = 5.0;
				TARGETED_DEVICE_FAMILY = "1,2";
			};
			name = Debug;
		};
		67A16E44231A06EF0002EB56 /* Release */ = {
			isa = XCBuildConfiguration;
			baseConfigurationReference = 24304093322B735F976274B8 /* Pods-NaturalLanguage.release.xcconfig */;
			buildSettings = {
				ASSETCATALOG_COMPILER_APPICON_NAME = AppIcon;
				CODE_SIGN_ENTITLEMENTS = NaturalLanguage/NaturalLanguage.entitlements;
				CODE_SIGN_STYLE = Manual;
				DEVELOPMENT_TEAM = EQHXZ8M8AV;
				INFOPLIST_FILE = NaturalLanguage/Info.plist;
				LD_RUNPATH_SEARCH_PATHS = (
					"$(inherited)",
					"@executable_path/Frameworks",
				);
				PRODUCT_BUNDLE_IDENTIFIER = com.google.CloudDevRelSamples.dev;
				PRODUCT_NAME = "$(TARGET_NAME)";
				PROVISIONING_PROFILE_SPECIFIER = "CloudDevRelSamples Dev";
				SWIFT_VERSION = 5.0;
				TARGETED_DEVICE_FAMILY = "1,2";
			};
			name = Release;
		};
/* End XCBuildConfiguration section */

/* Begin XCConfigurationList section */
		67A16E2B231A06EE0002EB56 /* Build configuration list for PBXProject "NaturalLanguage" */ = {
			isa = XCConfigurationList;
			buildConfigurations = (
				67A16E40231A06EF0002EB56 /* Debug */,
				67A16E41231A06EF0002EB56 /* Release */,
			);
			defaultConfigurationIsVisible = 0;
			defaultConfigurationName = Release;
		};
		67A16E42231A06EF0002EB56 /* Build configuration list for PBXNativeTarget "NaturalLanguage" */ = {
			isa = XCConfigurationList;
			buildConfigurations = (
				67A16E43231A06EF0002EB56 /* Debug */,
				67A16E44231A06EF0002EB56 /* Release */,
			);
			defaultConfigurationIsVisible = 0;
			defaultConfigurationName = Release;
		};
/* End XCConfigurationList section */
	};
	rootObject = 67A16E28231A06EE0002EB56 /* Project object */;
}
