// !$*UTF8*$!
{
	archiveVersion = 1;
	classes = {
	};
	objectVersion = 50;
	objects = {

/* Begin PBXBuildFile section */
		67A16DDF2319FA690002EB56 /* AppDelegate.swift in Sources */ = {isa = PBXBuildFile; fileRef = 67A16DDE2319FA690002EB56 /* AppDelegate.swift */; };
		67A16DE12319FA690002EB56 /* ViewController.swift in Sources */ = {isa = PBXBuildFile; fileRef = 67A16DE02319FA690002EB56 /* ViewController.swift */; };
		67A16DE62319FA6A0002EB56 /* Assets.xcassets in Resources */ = {isa = PBXBuildFile; fileRef = 67A16DE52319FA6A0002EB56 /* Assets.xcassets */; };
		67A16DE92319FA6A0002EB56 /* LaunchScreen.storyboard in Resources */ = {isa = PBXBuildFile; fileRef = 67A16DE72319FA6A0002EB56 /* LaunchScreen.storyboard */; };
		67A16E022319FDD70002EB56 /* ApplicationScheme.swift in Sources */ = {isa = PBXBuildFile; fileRef = 67A16DF32319FDD70002EB56 /* ApplicationScheme.swift */; };
		67A16E032319FDD70002EB56 /* ApplicationConstants.swift in Sources */ = {isa = PBXBuildFile; fileRef = 67A16DF42319FDD70002EB56 /* ApplicationConstants.swift */; };
		67A16E042319FDD70002EB56 /* ChatTableViewCell.swift in Sources */ = {isa = PBXBuildFile; fileRef = 67A16DF52319FDD70002EB56 /* ChatTableViewCell.swift */; };
		67A16E082319FDD70002EB56 /* Rubik-Medium.ttf in Resources */ = {isa = PBXBuildFile; fileRef = 67A16DFD2319FDD70002EB56 /* Rubik-Medium.ttf */; };
		67A16E092319FDD70002EB56 /* Rubik-Regular.ttf in Resources */ = {isa = PBXBuildFile; fileRef = 67A16DFE2319FDD70002EB56 /* Rubik-Regular.ttf */; };
		67A16E0A2319FDD70002EB56 /* Rubik-OFL.txt in Resources */ = {isa = PBXBuildFile; fileRef = 67A16DFF2319FDD70002EB56 /* Rubik-OFL.txt */; };
		67A16E0B2319FDD70002EB56 /* TextToTranslationService.swift in Sources */ = {isa = PBXBuildFile; fileRef = 67A16E002319FDD70002EB56 /* TextToTranslationService.swift */; };
		67A16E22231A02D30002EB56 /* Main.storyboard in Resources */ = {isa = PBXBuildFile; fileRef = 67A16E20231A02D30002EB56 /* Main.storyboard */; };
		8211F118ECC9B095C31FEBF7 /* Pods_Translation.framework in Frameworks */ = {isa = PBXBuildFile; fileRef = 6E3EEE7C8C06560277804C1E /* Pods_Translation.framework */; };
/* End PBXBuildFile section */

/* Begin PBXFileReference section */
		6592FF8331A4F4FDE1496EAD /* Pods-Translation.release.xcconfig */ = {isa = PBXFileReference; includeInIndex = 1; lastKnownFileType = text.xcconfig; name = "Pods-Translation.release.xcconfig"; path = "Pods/Target Support Files/Pods-Translation/Pods-Translation.release.xcconfig"; sourceTree = "<group>"; };
		67A16DDB2319FA690002EB56 /* Translation.app */ = {isa = PBXFileReference; explicitFileType = wrapper.application; includeInIndex = 0; path = Translation.app; sourceTree = BUILT_PRODUCTS_DIR; };
		67A16DDE2319FA690002EB56 /* AppDelegate.swift */ = {isa = PBXFileReference; lastKnownFileType = sourcecode.swift; path = AppDelegate.swift; sourceTree = "<group>"; };
		67A16DE02319FA690002EB56 /* ViewController.swift */ = {isa = PBXFileReference; lastKnownFileType = sourcecode.swift; path = ViewController.swift; sourceTree = "<group>"; };
		67A16DE52319FA6A0002EB56 /* Assets.xcassets */ = {isa = PBXFileReference; lastKnownFileType = folder.assetcatalog; path = Assets.xcassets; sourceTree = "<group>"; };
		67A16DE82319FA6A0002EB56 /* Base */ = {isa = PBXFileReference; lastKnownFileType = file.storyboard; name = Base; path = Base.lproj/LaunchScreen.storyboard; sourceTree = "<group>"; };
		67A16DEA2319FA6A0002EB56 /* Info.plist */ = {isa = PBXFileReference; lastKnownFileType = text.plist.xml; path = Info.plist; sourceTree = "<group>"; };
		67A16DF32319FDD70002EB56 /* ApplicationScheme.swift */ = {isa = PBXFileReference; fileEncoding = 4; lastKnownFileType = sourcecode.swift; path = ApplicationScheme.swift; sourceTree = "<group>"; };
		67A16DF42319FDD70002EB56 /* ApplicationConstants.swift */ = {isa = PBXFileReference; fileEncoding = 4; lastKnownFileType = sourcecode.swift; path = ApplicationConstants.swift; sourceTree = "<group>"; };
		67A16DF52319FDD70002EB56 /* ChatTableViewCell.swift */ = {isa = PBXFileReference; fileEncoding = 4; lastKnownFileType = sourcecode.swift; path = ChatTableViewCell.swift; sourceTree = "<group>"; };
		67A16DFD2319FDD70002EB56 /* Rubik-Medium.ttf */ = {isa = PBXFileReference; lastKnownFileType = file; path = "Rubik-Medium.ttf"; sourceTree = "<group>"; };
		67A16DFE2319FDD70002EB56 /* Rubik-Regular.ttf */ = {isa = PBXFileReference; lastKnownFileType = file; path = "Rubik-Regular.ttf"; sourceTree = "<group>"; };
		67A16DFF2319FDD70002EB56 /* Rubik-OFL.txt */ = {isa = PBXFileReference; fileEncoding = 4; lastKnownFileType = text; path = "Rubik-OFL.txt"; sourceTree = "<group>"; };
		67A16E002319FDD70002EB56 /* TextToTranslationService.swift */ = {isa = PBXFileReference; fileEncoding = 4; lastKnownFileType = sourcecode.swift; path = TextToTranslationService.swift; sourceTree = "<group>"; };
		67A16E012319FDD70002EB56 /* Stopwatch-Bridging-Header.h */ = {isa = PBXFileReference; fileEncoding = 4; lastKnownFileType = sourcecode.c.h; path = "Stopwatch-Bridging-Header.h"; sourceTree = "<group>"; };
		67A16E21231A02D30002EB56 /* Base */ = {isa = PBXFileReference; lastKnownFileType = file.storyboard; name = Base; path = Base.lproj/Main.storyboard; sourceTree = "<group>"; };
		6E3EEE7C8C06560277804C1E /* Pods_Translation.framework */ = {isa = PBXFileReference; explicitFileType = wrapper.framework; includeInIndex = 0; path = Pods_Translation.framework; sourceTree = BUILT_PRODUCTS_DIR; };
		EC59E8FB41C6501D5C6E5501 /* Pods-Translation.debug.xcconfig */ = {isa = PBXFileReference; includeInIndex = 1; lastKnownFileType = text.xcconfig; name = "Pods-Translation.debug.xcconfig"; path = "Pods/Target Support Files/Pods-Translation/Pods-Translation.debug.xcconfig"; sourceTree = "<group>"; };
/* End PBXFileReference section */

/* Begin PBXFrameworksBuildPhase section */
		67A16DD82319FA690002EB56 /* Frameworks */ = {
			isa = PBXFrameworksBuildPhase;
			buildActionMask = 2147483647;
			files = (
				8211F118ECC9B095C31FEBF7 /* Pods_Translation.framework in Frameworks */,
			);
			runOnlyForDeploymentPostprocessing = 0;
		};
/* End PBXFrameworksBuildPhase section */

/* Begin PBXGroup section */
		4927E74221196254CCDD2801 /* Frameworks */ = {
			isa = PBXGroup;
			children = (
				6E3EEE7C8C06560277804C1E /* Pods_Translation.framework */,
			);
			name = Frameworks;
			sourceTree = "<group>";
		};
		656BCC3A6391967166E657F0 /* Pods */ = {
			isa = PBXGroup;
			children = (
				EC59E8FB41C6501D5C6E5501 /* Pods-Translation.debug.xcconfig */,
				6592FF8331A4F4FDE1496EAD /* Pods-Translation.release.xcconfig */,
			);
			name = Pods;
			sourceTree = "<group>";
		};
		67A16DD22319FA690002EB56 = {
			isa = PBXGroup;
			children = (
				67A16DDD2319FA690002EB56 /* Translation */,
				67A16DDC2319FA690002EB56 /* Products */,
				656BCC3A6391967166E657F0 /* Pods */,
				4927E74221196254CCDD2801 /* Frameworks */,
			);
			sourceTree = "<group>";
		};
		67A16DDC2319FA690002EB56 /* Products */ = {
			isa = PBXGroup;
			children = (
				67A16DDB2319FA690002EB56 /* Translation.app */,
			);
			name = Products;
			sourceTree = "<group>";
		};
		67A16DDD2319FA690002EB56 /* Translation */ = {
			isa = PBXGroup;
			children = (
				67A16E20231A02D30002EB56 /* Main.storyboard */,
				67A16DF42319FDD70002EB56 /* ApplicationConstants.swift */,
				67A16DF32319FDD70002EB56 /* ApplicationScheme.swift */,
				67A16DF52319FDD70002EB56 /* ChatTableViewCell.swift */,
				67A16DFC2319FDD70002EB56 /* Fonts */,
				67A16E012319FDD70002EB56 /* Stopwatch-Bridging-Header.h */,
				67A16E002319FDD70002EB56 /* TextToTranslationService.swift */,
				67A16DDE2319FA690002EB56 /* AppDelegate.swift */,
				67A16DE02319FA690002EB56 /* ViewController.swift */,
				67A16DE52319FA6A0002EB56 /* Assets.xcassets */,
				67A16DE72319FA6A0002EB56 /* LaunchScreen.storyboard */,
				67A16DEA2319FA6A0002EB56 /* Info.plist */,
			);
			path = Translation;
			sourceTree = "<group>";
		};
		67A16DFC2319FDD70002EB56 /* Fonts */ = {
			isa = PBXGroup;
			children = (
				67A16DFD2319FDD70002EB56 /* Rubik-Medium.ttf */,
				67A16DFE2319FDD70002EB56 /* Rubik-Regular.ttf */,
				67A16DFF2319FDD70002EB56 /* Rubik-OFL.txt */,
			);
			path = Fonts;
			sourceTree = "<group>";
		};
/* End PBXGroup section */

/* Begin PBXNativeTarget section */
		67A16DDA2319FA690002EB56 /* Translation */ = {
			isa = PBXNativeTarget;
			buildConfigurationList = 67A16DED2319FA6A0002EB56 /* Build configuration list for PBXNativeTarget "Translation" */;
			buildPhases = (
				6D36E672A91ADE26AD179FE0 /* [CP] Check Pods Manifest.lock */,
				67A16DD72319FA690002EB56 /* Sources */,
				67A16DD82319FA690002EB56 /* Frameworks */,
				67A16DD92319FA690002EB56 /* Resources */,
				0FDDB8993A1A9FBA7D21F169 /* [CP] Embed Pods Frameworks */,
			);
			buildRules = (
			);
			dependencies = (
			);
			name = Translation;
			productName = Translation;
			productReference = 67A16DDB2319FA690002EB56 /* Translation.app */;
			productType = "com.apple.product-type.application";
		};
/* End PBXNativeTarget section */

/* Begin PBXProject section */
		67A16DD32319FA690002EB56 /* Project object */ = {
			isa = PBXProject;
			attributes = {
				LastSwiftUpdateCheck = 1020;
				LastUpgradeCheck = 1020;
				ORGANIZATIONNAME = Google;
				TargetAttributes = {
					67A16DDA2319FA690002EB56 = {
						CreatedOnToolsVersion = 10.2;
						SystemCapabilities = {
							com.apple.Push = {
								enabled = 0;
							};
						};
					};
				};
			};
			buildConfigurationList = 67A16DD62319FA690002EB56 /* Build configuration list for PBXProject "Translation" */;
			compatibilityVersion = "Xcode 9.3";
			developmentRegion = en;
			hasScannedForEncodings = 0;
			knownRegions = (
				en,
				Base,
			);
			mainGroup = 67A16DD22319FA690002EB56;
			productRefGroup = 67A16DDC2319FA690002EB56 /* Products */;
			projectDirPath = "";
			projectRoot = "";
			targets = (
				67A16DDA2319FA690002EB56 /* Translation */,
			);
		};
/* End PBXProject section */

/* Begin PBXResourcesBuildPhase section */
		67A16DD92319FA690002EB56 /* Resources */ = {
			isa = PBXResourcesBuildPhase;
			buildActionMask = 2147483647;
			files = (
				67A16DE92319FA6A0002EB56 /* LaunchScreen.storyboard in Resources */,
				67A16DE62319FA6A0002EB56 /* Assets.xcassets in Resources */,
				67A16E092319FDD70002EB56 /* Rubik-Regular.ttf in Resources */,
				67A16E22231A02D30002EB56 /* Main.storyboard in Resources */,
				67A16E0A2319FDD70002EB56 /* Rubik-OFL.txt in Resources */,
				67A16E082319FDD70002EB56 /* Rubik-Medium.ttf in Resources */,
			);
			runOnlyForDeploymentPostprocessing = 0;
		};
/* End PBXResourcesBuildPhase section */

/* Begin PBXShellScriptBuildPhase section */
		0FDDB8993A1A9FBA7D21F169 /* [CP] Embed Pods Frameworks */ = {
			isa = PBXShellScriptBuildPhase;
			buildActionMask = 2147483647;
			files = (
			);
			inputFileListPaths = (
			);
			inputPaths = (
				"${SRCROOT}/Pods/Target Support Files/Pods-Translation/Pods-Translation-frameworks.sh",
				"${BUILT_PRODUCTS_DIR}/BigInt/BigInt.framework",
				"${BUILT_PRODUCTS_DIR}/BoringSSL-GRPC/openssl_grpc.framework",
				"${BUILT_PRODUCTS_DIR}/CNIOAtomics/CNIOAtomics.framework",
				"${BUILT_PRODUCTS_DIR}/CNIODarwin/CNIODarwin.framework",
				"${BUILT_PRODUCTS_DIR}/CNIOLinux/CNIOLinux.framework",
				"${BUILT_PRODUCTS_DIR}/CNIOSHA1/CNIOSHA1.framework",
				"${BUILT_PRODUCTS_DIR}/CryptoSwift/CryptoSwift.framework",
				"${BUILT_PRODUCTS_DIR}/GTMSessionFetcher/GTMSessionFetcher.framework",
				"${BUILT_PRODUCTS_DIR}/GoogleUtilities/GoogleUtilities.framework",
				"${BUILT_PRODUCTS_DIR}/MDFInternationalization/MDFInternationalization.framework",
				"${BUILT_PRODUCTS_DIR}/MDFTextAccessibility/MDFTextAccessibility.framework",
				"${BUILT_PRODUCTS_DIR}/MaterialComponents/MaterialComponents.framework",
				"${BUILT_PRODUCTS_DIR}/MotionAnimator/MotionAnimator.framework",
				"${BUILT_PRODUCTS_DIR}/MotionInterchange/MotionInterchange.framework",
				"${BUILT_PRODUCTS_DIR}/MotionTransitioning/MotionTransitioning.framework",
				"${BUILT_PRODUCTS_DIR}/Protobuf/Protobuf.framework",
				"${BUILT_PRODUCTS_DIR}/SipHash/SipHash.framework",
				"${BUILT_PRODUCTS_DIR}/SwiftNIO/NIO.framework",
				"${BUILT_PRODUCTS_DIR}/SwiftNIOConcurrencyHelpers/NIOConcurrencyHelpers.framework",
				"${BUILT_PRODUCTS_DIR}/SwiftyBase64/SwiftyBase64.framework",
				"${BUILT_PRODUCTS_DIR}/gRPC/GRPCClient.framework",
				"${BUILT_PRODUCTS_DIR}/gRPC-C++/grpcpp.framework",
				"${BUILT_PRODUCTS_DIR}/gRPC-Core/grpc.framework",
				"${BUILT_PRODUCTS_DIR}/gRPC-ProtoRPC/ProtoRPC.framework",
				"${BUILT_PRODUCTS_DIR}/gRPC-RxLibrary/RxLibrary.framework",
				"${BUILT_PRODUCTS_DIR}/googleapis/googleapis.framework",
				"${BUILT_PRODUCTS_DIR}/leveldb-library/leveldb.framework",
				"${BUILT_PRODUCTS_DIR}/nanopb/nanopb.framework",
			);
			name = "[CP] Embed Pods Frameworks";
			outputFileListPaths = (
			);
			outputPaths = (
				"${TARGET_BUILD_DIR}/${FRAMEWORKS_FOLDER_PATH}/BigInt.framework",
				"${TARGET_BUILD_DIR}/${FRAMEWORKS_FOLDER_PATH}/openssl_grpc.framework",
				"${TARGET_BUILD_DIR}/${FRAMEWORKS_FOLDER_PATH}/CNIOAtomics.framework",
				"${TARGET_BUILD_DIR}/${FRAMEWORKS_FOLDER_PATH}/CNIODarwin.framework",
				"${TARGET_BUILD_DIR}/${FRAMEWORKS_FOLDER_PATH}/CNIOLinux.framework",
				"${TARGET_BUILD_DIR}/${FRAMEWORKS_FOLDER_PATH}/CNIOSHA1.framework",
				"${TARGET_BUILD_DIR}/${FRAMEWORKS_FOLDER_PATH}/CryptoSwift.framework",
				"${TARGET_BUILD_DIR}/${FRAMEWORKS_FOLDER_PATH}/GTMSessionFetcher.framework",
				"${TARGET_BUILD_DIR}/${FRAMEWORKS_FOLDER_PATH}/GoogleUtilities.framework",
				"${TARGET_BUILD_DIR}/${FRAMEWORKS_FOLDER_PATH}/MDFInternationalization.framework",
				"${TARGET_BUILD_DIR}/${FRAMEWORKS_FOLDER_PATH}/MDFTextAccessibility.framework",
				"${TARGET_BUILD_DIR}/${FRAMEWORKS_FOLDER_PATH}/MaterialComponents.framework",
				"${TARGET_BUILD_DIR}/${FRAMEWORKS_FOLDER_PATH}/MotionAnimator.framework",
				"${TARGET_BUILD_DIR}/${FRAMEWORKS_FOLDER_PATH}/MotionInterchange.framework",
				"${TARGET_BUILD_DIR}/${FRAMEWORKS_FOLDER_PATH}/MotionTransitioning.framework",
				"${TARGET_BUILD_DIR}/${FRAMEWORKS_FOLDER_PATH}/Protobuf.framework",
				"${TARGET_BUILD_DIR}/${FRAMEWORKS_FOLDER_PATH}/SipHash.framework",
				"${TARGET_BUILD_DIR}/${FRAMEWORKS_FOLDER_PATH}/NIO.framework",
				"${TARGET_BUILD_DIR}/${FRAMEWORKS_FOLDER_PATH}/NIOConcurrencyHelpers.framework",
				"${TARGET_BUILD_DIR}/${FRAMEWORKS_FOLDER_PATH}/SwiftyBase64.framework",
				"${TARGET_BUILD_DIR}/${FRAMEWORKS_FOLDER_PATH}/GRPCClient.framework",
				"${TARGET_BUILD_DIR}/${FRAMEWORKS_FOLDER_PATH}/grpcpp.framework",
				"${TARGET_BUILD_DIR}/${FRAMEWORKS_FOLDER_PATH}/grpc.framework",
				"${TARGET_BUILD_DIR}/${FRAMEWORKS_FOLDER_PATH}/ProtoRPC.framework",
				"${TARGET_BUILD_DIR}/${FRAMEWORKS_FOLDER_PATH}/RxLibrary.framework",
				"${TARGET_BUILD_DIR}/${FRAMEWORKS_FOLDER_PATH}/googleapis.framework",
				"${TARGET_BUILD_DIR}/${FRAMEWORKS_FOLDER_PATH}/leveldb.framework",
				"${TARGET_BUILD_DIR}/${FRAMEWORKS_FOLDER_PATH}/nanopb.framework",
			);
			runOnlyForDeploymentPostprocessing = 0;
			shellPath = /bin/sh;
			shellScript = "\"${SRCROOT}/Pods/Target Support Files/Pods-Translation/Pods-Translation-frameworks.sh\"\n";
			showEnvVarsInLog = 0;
		};
		6D36E672A91ADE26AD179FE0 /* [CP] Check Pods Manifest.lock */ = {
			isa = PBXShellScriptBuildPhase;
			buildActionMask = 2147483647;
			files = (
			);
			inputFileListPaths = (
			);
			inputPaths = (
				"${PODS_PODFILE_DIR_PATH}/Podfile.lock",
				"${PODS_ROOT}/Manifest.lock",
			);
			name = "[CP] Check Pods Manifest.lock";
			outputFileListPaths = (
			);
			outputPaths = (
				"$(DERIVED_FILE_DIR)/Pods-Translation-checkManifestLockResult.txt",
			);
			runOnlyForDeploymentPostprocessing = 0;
			shellPath = /bin/sh;
			shellScript = "diff \"${PODS_PODFILE_DIR_PATH}/Podfile.lock\" \"${PODS_ROOT}/Manifest.lock\" > /dev/null\nif [ $? != 0 ] ; then\n    # print error to STDERR\n    echo \"error: The sandbox is not in sync with the Podfile.lock. Run 'pod install' or update your CocoaPods installation.\" >&2\n    exit 1\nfi\n# This output is used by Xcode 'outputs' to avoid re-running this script phase.\necho \"SUCCESS\" > \"${SCRIPT_OUTPUT_FILE_0}\"\n";
			showEnvVarsInLog = 0;
		};
/* End PBXShellScriptBuildPhase section */

/* Begin PBXSourcesBuildPhase section */
		67A16DD72319FA690002EB56 /* Sources */ = {
			isa = PBXSourcesBuildPhase;
			buildActionMask = 2147483647;
			files = (
				67A16DE12319FA690002EB56 /* ViewController.swift in Sources */,
				67A16E022319FDD70002EB56 /* ApplicationScheme.swift in Sources */,
				67A16E042319FDD70002EB56 /* ChatTableViewCell.swift in Sources */,
				67A16E0B2319FDD70002EB56 /* TextToTranslationService.swift in Sources */,
				67A16E032319FDD70002EB56 /* ApplicationConstants.swift in Sources */,
				67A16DDF2319FA690002EB56 /* AppDelegate.swift in Sources */,
			);
			runOnlyForDeploymentPostprocessing = 0;
		};
/* End PBXSourcesBuildPhase section */

/* Begin PBXVariantGroup section */
		67A16DE72319FA6A0002EB56 /* LaunchScreen.storyboard */ = {
			isa = PBXVariantGroup;
			children = (
				67A16DE82319FA6A0002EB56 /* Base */,
			);
			name = LaunchScreen.storyboard;
			sourceTree = "<group>";
		};
		67A16E20231A02D30002EB56 /* Main.storyboard */ = {
			isa = PBXVariantGroup;
			children = (
				67A16E21231A02D30002EB56 /* Base */,
			);
			name = Main.storyboard;
			sourceTree = "<group>";
		};
/* End PBXVariantGroup section */

/* Begin XCBuildConfiguration section */
		67A16DEB2319FA6A0002EB56 /* Debug */ = {
			isa = XCBuildConfiguration;
			buildSettings = {
				ALWAYS_SEARCH_USER_PATHS = NO;
				CLANG_ANALYZER_NONNULL = YES;
				CLANG_ANALYZER_NUMBER_OBJECT_CONVERSION = YES_AGGRESSIVE;
				CLANG_CXX_LANGUAGE_STANDARD = "gnu++14";
				CLANG_CXX_LIBRARY = "libc++";
				CLANG_ENABLE_MODULES = YES;
				CLANG_ENABLE_OBJC_ARC = YES;
				CLANG_ENABLE_OBJC_WEAK = YES;
				CLANG_WARN_BLOCK_CAPTURE_AUTORELEASING = YES;
				CLANG_WARN_BOOL_CONVERSION = YES;
				CLANG_WARN_COMMA = YES;
				CLANG_WARN_CONSTANT_CONVERSION = YES;
				CLANG_WARN_DEPRECATED_OBJC_IMPLEMENTATIONS = YES;
				CLANG_WARN_DIRECT_OBJC_ISA_USAGE = YES_ERROR;
				CLANG_WARN_DOCUMENTATION_COMMENTS = YES;
				CLANG_WARN_EMPTY_BODY = YES;
				CLANG_WARN_ENUM_CONVERSION = YES;
				CLANG_WARN_INFINITE_RECURSION = YES;
				CLANG_WARN_INT_CONVERSION = YES;
				CLANG_WARN_NON_LITERAL_NULL_CONVERSION = YES;
				CLANG_WARN_OBJC_IMPLICIT_RETAIN_SELF = YES;
				CLANG_WARN_OBJC_LITERAL_CONVERSION = YES;
				CLANG_WARN_OBJC_ROOT_CLASS = YES_ERROR;
				CLANG_WARN_RANGE_LOOP_ANALYSIS = YES;
				CLANG_WARN_STRICT_PROTOTYPES = YES;
				CLANG_WARN_SUSPICIOUS_MOVE = YES;
				CLANG_WARN_UNGUARDED_AVAILABILITY = YES_AGGRESSIVE;
				CLANG_WARN_UNREACHABLE_CODE = YES;
				CLANG_WARN__DUPLICATE_METHOD_MATCH = YES;
				CODE_SIGN_IDENTITY = "iPhone Developer";
				COPY_PHASE_STRIP = NO;
				DEBUG_INFORMATION_FORMAT = dwarf;
				ENABLE_STRICT_OBJC_MSGSEND = YES;
				ENABLE_TESTABILITY = YES;
				GCC_C_LANGUAGE_STANDARD = gnu11;
				GCC_DYNAMIC_NO_PIC = NO;
				GCC_NO_COMMON_BLOCKS = YES;
				GCC_OPTIMIZATION_LEVEL = 0;
				GCC_PREPROCESSOR_DEFINITIONS = (
					"DEBUG=1",
					"$(inherited)",
				);
				GCC_WARN_64_TO_32_BIT_CONVERSION = YES;
				GCC_WARN_ABOUT_RETURN_TYPE = YES_ERROR;
				GCC_WARN_UNDECLARED_SELECTOR = YES;
				GCC_WARN_UNINITIALIZED_AUTOS = YES_AGGRESSIVE;
				GCC_WARN_UNUSED_FUNCTION = YES;
				GCC_WARN_UNUSED_VARIABLE = YES;
				IPHONEOS_DEPLOYMENT_TARGET = 12.2;
				MTL_ENABLE_DEBUG_INFO = INCLUDE_SOURCE;
				MTL_FAST_MATH = YES;
				ONLY_ACTIVE_ARCH = YES;
				SDKROOT = iphoneos;
				SWIFT_ACTIVE_COMPILATION_CONDITIONS = DEBUG;
				SWIFT_OPTIMIZATION_LEVEL = "-Onone";
			};
			name = Debug;
		};
		67A16DEC2319FA6A0002EB56 /* Release */ = {
			isa = XCBuildConfiguration;
			buildSettings = {
				ALWAYS_SEARCH_USER_PATHS = NO;
				CLANG_ANALYZER_NONNULL = YES;
				CLANG_ANALYZER_NUMBER_OBJECT_CONVERSION = YES_AGGRESSIVE;
				CLANG_CXX_LANGUAGE_STANDARD = "gnu++14";
				CLANG_CXX_LIBRARY = "libc++";
				CLANG_ENABLE_MODULES = YES;
				CLANG_ENABLE_OBJC_ARC = YES;
				CLANG_ENABLE_OBJC_WEAK = YES;
				CLANG_WARN_BLOCK_CAPTURE_AUTORELEASING = YES;
				CLANG_WARN_BOOL_CONVERSION = YES;
				CLANG_WARN_COMMA = YES;
				CLANG_WARN_CONSTANT_CONVERSION = YES;
				CLANG_WARN_DEPRECATED_OBJC_IMPLEMENTATIONS = YES;
				CLANG_WARN_DIRECT_OBJC_ISA_USAGE = YES_ERROR;
				CLANG_WARN_DOCUMENTATION_COMMENTS = YES;
				CLANG_WARN_EMPTY_BODY = YES;
				CLANG_WARN_ENUM_CONVERSION = YES;
				CLANG_WARN_INFINITE_RECURSION = YES;
				CLANG_WARN_INT_CONVERSION = YES;
				CLANG_WARN_NON_LITERAL_NULL_CONVERSION = YES;
				CLANG_WARN_OBJC_IMPLICIT_RETAIN_SELF = YES;
				CLANG_WARN_OBJC_LITERAL_CONVERSION = YES;
				CLANG_WARN_OBJC_ROOT_CLASS = YES_ERROR;
				CLANG_WARN_RANGE_LOOP_ANALYSIS = YES;
				CLANG_WARN_STRICT_PROTOTYPES = YES;
				CLANG_WARN_SUSPICIOUS_MOVE = YES;
				CLANG_WARN_UNGUARDED_AVAILABILITY = YES_AGGRESSIVE;
				CLANG_WARN_UNREACHABLE_CODE = YES;
				CLANG_WARN__DUPLICATE_METHOD_MATCH = YES;
				CODE_SIGN_IDENTITY = "iPhone Developer";
				COPY_PHASE_STRIP = NO;
				DEBUG_INFORMATION_FORMAT = "dwarf-with-dsym";
				ENABLE_NS_ASSERTIONS = NO;
				ENABLE_STRICT_OBJC_MSGSEND = YES;
				GCC_C_LANGUAGE_STANDARD = gnu11;
				GCC_NO_COMMON_BLOCKS = YES;
				GCC_WARN_64_TO_32_BIT_CONVERSION = YES;
				GCC_WARN_ABOUT_RETURN_TYPE = YES_ERROR;
				GCC_WARN_UNDECLARED_SELECTOR = YES;
				GCC_WARN_UNINITIALIZED_AUTOS = YES_AGGRESSIVE;
				GCC_WARN_UNUSED_FUNCTION = YES;
				GCC_WARN_UNUSED_VARIABLE = YES;
				IPHONEOS_DEPLOYMENT_TARGET = 12.2;
				MTL_ENABLE_DEBUG_INFO = NO;
				MTL_FAST_MATH = YES;
				SDKROOT = iphoneos;
				SWIFT_COMPILATION_MODE = wholemodule;
				SWIFT_OPTIMIZATION_LEVEL = "-O";
				VALIDATE_PRODUCT = YES;
			};
			name = Release;
		};
		67A16DEE2319FA6A0002EB56 /* Debug */ = {
			isa = XCBuildConfiguration;
			baseConfigurationReference = EC59E8FB41C6501D5C6E5501 /* Pods-Translation.debug.xcconfig */;
			buildSettings = {
				ASSETCATALOG_COMPILER_APPICON_NAME = AppIcon;
				CODE_SIGN_STYLE = Manual;
				DEVELOPMENT_TEAM = EQHXZ8M8AV;
				INFOPLIST_FILE = Translation/Info.plist;
				LD_RUNPATH_SEARCH_PATHS = (
					"$(inherited)",
					"@executable_path/Frameworks",
				);
				PRODUCT_BUNDLE_IDENTIFIER = com.google.CloudDevRelSamples.dev;
				PRODUCT_NAME = "$(TARGET_NAME)";
				PROVISIONING_PROFILE_SPECIFIER = "CloudDevRelSamples Dev";
				SWIFT_VERSION = 5.0;
				TARGETED_DEVICE_FAMILY = "1,2";
			};
			name = Debug;
		};
		67A16DEF2319FA6A0002EB56 /* Release */ = {
			isa = XCBuildConfiguration;
			baseConfigurationReference = 6592FF8331A4F4FDE1496EAD /* Pods-Translation.release.xcconfig */;
			buildSettings = {
				ASSETCATALOG_COMPILER_APPICON_NAME = AppIcon;
				CODE_SIGN_STYLE = Manual;
				DEVELOPMENT_TEAM = EQHXZ8M8AV;
				INFOPLIST_FILE = Translation/Info.plist;
				LD_RUNPATH_SEARCH_PATHS = (
					"$(inherited)",
					"@executable_path/Frameworks",
				);
				PRODUCT_BUNDLE_IDENTIFIER = com.google.CloudDevRelSamples.dev;
				PRODUCT_NAME = "$(TARGET_NAME)";
				PROVISIONING_PROFILE_SPECIFIER = "CloudDevRelSamples Dev";
				SWIFT_VERSION = 5.0;
				TARGETED_DEVICE_FAMILY = "1,2";
			};
			name = Release;
		};
/* End XCBuildConfiguration section */

/* Begin XCConfigurationList section */
		67A16DD62319FA690002EB56 /* Build configuration list for PBXProject "Translation" */ = {
			isa = XCConfigurationList;
			buildConfigurations = (
				67A16DEB2319FA6A0002EB56 /* Debug */,
				67A16DEC2319FA6A0002EB56 /* Release */,
			);
			defaultConfigurationIsVisible = 0;
			defaultConfigurationName = Release;
		};
		67A16DED2319FA6A0002EB56 /* Build configuration list for PBXNativeTarget "Translation" */ = {
			isa = XCConfigurationList;
			buildConfigurations = (
				67A16DEE2319FA6A0002EB56 /* Debug */,
				67A16DEF2319FA6A0002EB56 /* Release */,
			);
			defaultConfigurationIsVisible = 0;
			defaultConfigurationName = Release;
		};
/* End XCConfigurationList section */
	};
	rootObject = 67A16DD32319FA690002EB56 /* Project object */;
}
